{
  "name": "my-pi-statusline",
  "version": "0.2.0",
  "lockfileVersion": 3,
  "requires": true,
  "packages": {
    "": {
      "name": "my-pi-statusline",
      "version": "0.2.0",
      "license": "UNLICENSED",
      "peerDependencies": {
        "@earendil-works/pi-ai": "*",
        "@earendil-works/pi-coding-agent": "*",
        "@earendil-works/pi-tui": "*"
      }
    }
  }
}
